
Microsoft Visual Studio Solution File, Format Version 12.00
# Visual Studio 15
VisualStudioVersion = 15.0.28307.489
MinimumVisualStudioVersion = 10.0.40219.1
Project("{FAE04EC0-301F-11D3-BF4B-00C04F79EFBC}") = "KataBinary", "KataBinary\KataBinary.csproj", "{B437D26C-66BA-4359-8024-C7B7E8EF7FFE}"
EndProject
Global
	GlobalSection(SolutionConfigurationPlatforms) = preSolution
		Debug|Any CPU = Debug|Any CPU
		Release|Any CPU = Release|Any CPU
	EndGlobalSection
	GlobalSection(ProjectConfigurationPlatforms) = postSolution
		{B437D26C-66BA-4359-8024-C7B7E8EF7FFE}.Debug|Any CPU.ActiveCfg = Debug|Any CPU
		{B437D26C-66BA-4359-8024-C7B7E8EF7FFE}.Debug|Any CPU.Build.0 = Debug|Any CPU
		{B437D26C-66BA-4359-8024-C7B7E8EF7FFE}.Release|Any CPU.ActiveCfg = Release|Any CPU
		{B437D26C-66BA-4359-8024-C7B7E8EF7FFE}.Release|Any CPU.Build.0 = Release|Any CPU
	EndGlobalSection
	GlobalSection(SolutionProperties) = preSolution
		HideSolutionNode = FALSE
	EndGlobalSection
	GlobalSection(ExtensibilityGlobals) = postSolution
		SolutionGuid = {002DB960-D50F-40E2-A586-C6687F9AEF29}
	EndGlobalSection
EndGlobal
